github.com/pierrec/lz4/v4 v4.1.22 h1:cKFw6uJDK+/gfw5BcDL0JL5aBsAFdsIT18eRtLj7VIU=
github.com/pierrec/lz4/v4 v4.1.22/go.mod h1:gZWDp/Ze/IJXGXf23ltt2EXimqmTUXEy0GFuRQyBid4=
github.com/superfly/ltx v0.4.0 h1:FjCCrYlof7cRUzJ8ZIM6c82Ay98ffTbqfvbm22nTslI=
github.com/superfly/ltx v0.4.0/go.mod h1:Nf50QAIXU/ET4ua3AuQ2fh31MbgNQZA7r/DYx6Os77s=
